
Microsoft Visual Studio Solution File, Format Version 11.00
# Visual Studio 2010
Project("{FAE04EC0-301F-11D3-BF4B-00C04F79EFBC}") = "KeyManage", "KeyManage\KeyManage.csproj", "{A1E53F5B-CD30-4142-B7DF-80BF8D9F67CF}"
EndProject
Project("{FAE04EC0-301F-11D3-BF4B-00C04F79EFBC}") = "SqlFile", "SqlFile\SqlFile.csproj", "{21CB9C75-D363-4FC1-84E3-0DE085C32417}"
EndProject
Project("{FAE04EC0-301F-11D3-BF4B-00C04F79EFBC}") = "IniFile", "IniFile\IniFile.csproj", "{8F71EA20-0448-44A7-81D7-ABC6F03FA77B}"
EndProject
Global
	GlobalSection(SolutionConfigurationPlatforms) = preSolution
		Debug|Any CPU = Debug|Any CPU
		Debug|Mixed Platforms = Debug|Mixed Platforms
		Debug|x86 = Debug|x86
		Release|Any CPU = Release|Any CPU
		Release|Mixed Platforms = Release|Mixed Platforms
		Release|x86 = Release|x86
	EndGlobalSection
	GlobalSection(ProjectConfigurationPlatforms) = postSolution
		{A1E53F5B-CD30-4142-B7DF-80BF8D9F67CF}.Debug|Any CPU.ActiveCfg = Debug|x86
		{A1E53F5B-CD30-4142-B7DF-80BF8D9F67CF}.Debug|Mixed Platforms.ActiveCfg = Debug|x86
		{A1E53F5B-CD30-4142-B7DF-80BF8D9F67CF}.Debug|Mixed Platforms.Build.0 = Debug|x86
		{A1E53F5B-CD30-4142-B7DF-80BF8D9F67CF}.Debug|x86.ActiveCfg = Debug|x86
		{A1E53F5B-CD30-4142-B7DF-80BF8D9F67CF}.Debug|x86.Build.0 = Debug|x86
		{A1E53F5B-CD30-4142-B7DF-80BF8D9F67CF}.Release|Any CPU.ActiveCfg = Release|x86
		{A1E53F5B-CD30-4142-B7DF-80BF8D9F67CF}.Release|Mixed Platforms.ActiveCfg = Release|x86
		{A1E53F5B-CD30-4142-B7DF-80BF8D9F67CF}.Release|Mixed Platforms.Build.0 = Release|x86
		{A1E53F5B-CD30-4142-B7DF-80BF8D9F67CF}.Release|x86.ActiveCfg = Release|x86
		{A1E53F5B-CD30-4142-B7DF-80BF8D9F67CF}.Release|x86.Build.0 = Release|x86
		{21CB9C75-D363-4FC1-84E3-0DE085C32417}.Debug|Any CPU.ActiveCfg = Debug|Any CPU
		{21CB9C75-D363-4FC1-84E3-0DE085C32417}.Debug|Any CPU.Build.0 = Debug|Any CPU
		{21CB9C75-D363-4FC1-84E3-0DE085C32417}.Debug|Mixed Platforms.ActiveCfg = Debug|Any CPU
		{21CB9C75-D363-4FC1-84E3-0DE085C32417}.Debug|Mixed Platforms.Build.0 = Debug|Any CPU
		{21CB9C75-D363-4FC1-84E3-0DE085C32417}.Debug|x86.ActiveCfg = Debug|Any CPU
		{21CB9C75-D363-4FC1-84E3-0DE085C32417}.Release|Any CPU.ActiveCfg = Release|Any CPU
		{21CB9C75-D363-4FC1-84E3-0DE085C32417}.Release|Any CPU.Build.0 = Release|Any CPU
		{21CB9C75-D363-4FC1-84E3-0DE085C32417}.Release|Mixed Platforms.ActiveCfg = Release|Any CPU
		{21CB9C75-D363-4FC1-84E3-0DE085C32417}.Release|Mixed Platforms.Build.0 = Release|Any CPU
		{21CB9C75-D363-4FC1-84E3-0DE085C32417}.Release|x86.ActiveCfg = Release|Any CPU
		{8F71EA20-0448-44A7-81D7-ABC6F03FA77B}.Debug|Any CPU.ActiveCfg = Debug|Any CPU
		{8F71EA20-0448-44A7-81D7-ABC6F03FA77B}.Debug|Any CPU.Build.0 = Debug|Any CPU
		{8F71EA20-0448-44A7-81D7-ABC6F03FA77B}.Debug|Mixed Platforms.ActiveCfg = Debug|Any CPU
		{8F71EA20-0448-44A7-81D7-ABC6F03FA77B}.Debug|Mixed Platforms.Build.0 = Debug|Any CPU
		{8F71EA20-0448-44A7-81D7-ABC6F03FA77B}.Debug|x86.ActiveCfg = Debug|Any CPU
		{8F71EA20-0448-44A7-81D7-ABC6F03FA77B}.Release|Any CPU.ActiveCfg = Release|Any CPU
		{8F71EA20-0448-44A7-81D7-ABC6F03FA77B}.Release|Any CPU.Build.0 = Release|Any CPU
		{8F71EA20-0448-44A7-81D7-ABC6F03FA77B}.Release|Mixed Platforms.ActiveCfg = Release|Any CPU
		{8F71EA20-0448-44A7-81D7-ABC6F03FA77B}.Release|Mixed Platforms.Build.0 = Release|Any CPU
		{8F71EA20-0448-44A7-81D7-ABC6F03FA77B}.Release|x86.ActiveCfg = Release|Any CPU
	EndGlobalSection
	GlobalSection(SolutionProperties) = preSolution
		HideSolutionNode = FALSE
	EndGlobalSection
EndGlobal
